
Microsoft Visual Studio Solution File, Format Version 12.00
# Visual Studio Version 16
VisualStudioVersion = 16.0.29324.140
MinimumVisualStudioVersion = 10.0.40219.1
Project("{FAE04EC0-301F-11D3-BF4B-00C04F79EFBC}") = "BasicsEdwinR.Android", "BasicsEdwinR\BasicsEdwinR.Android\BasicsEdwinR.Android.csproj", "{C5579305-CDBF-46CD-8D46-D4073724EBEA}"
EndProject
Project("{FAE04EC0-301F-11D3-BF4B-00C04F79EFBC}") = "BasicsEdwinR", "BasicsEdwinR\BasicsEdwinR\BasicsEdwinR.csproj", "{0191658A-A51B-4D97-A935-764195EC53A3}"
EndProject
Global
	GlobalSection(SolutionConfigurationPlatforms) = preSolution
		Debug|Any CPU = Debug|Any CPU
		Release|Any CPU = Release|Any CPU
	EndGlobalSection
	GlobalSection(ProjectConfigurationPlatforms) = postSolution
		{C5579305-CDBF-46CD-8D46-D4073724EBEA}.Debug|Any CPU.ActiveCfg = Debug|Any CPU
		{C5579305-CDBF-46CD-8D46-D4073724EBEA}.Debug|Any CPU.Build.0 = Debug|Any CPU
		{C5579305-CDBF-46CD-8D46-D4073724EBEA}.Debug|Any CPU.Deploy.0 = Debug|Any CPU
		{C5579305-CDBF-46CD-8D46-D4073724EBEA}.Release|Any CPU.ActiveCfg = Release|Any CPU
		{C5579305-CDBF-46CD-8D46-D4073724EBEA}.Release|Any CPU.Build.0 = Release|Any CPU
		{C5579305-CDBF-46CD-8D46-D4073724EBEA}.Release|Any CPU.Deploy.0 = Release|Any CPU
		{0191658A-A51B-4D97-A935-764195EC53A3}.Debug|Any CPU.ActiveCfg = Debug|Any CPU
		{0191658A-A51B-4D97-A935-764195EC53A3}.Debug|Any CPU.Build.0 = Debug|Any CPU
		{0191658A-A51B-4D97-A935-764195EC53A3}.Debug|Any CPU.Deploy.0 = Debug|Any CPU
		{0191658A-A51B-4D97-A935-764195EC53A3}.Release|Any CPU.ActiveCfg = Release|Any CPU
		{0191658A-A51B-4D97-A935-764195EC53A3}.Release|Any CPU.Build.0 = Release|Any CPU
		{0191658A-A51B-4D97-A935-764195EC53A3}.Release|Any CPU.Deploy.0 = Release|Any CPU
	EndGlobalSection
	GlobalSection(SolutionProperties) = preSolution
		HideSolutionNode = FALSE
	EndGlobalSection
	GlobalSection(ExtensibilityGlobals) = postSolution
		SolutionGuid = {64642A37-3088-42E2-BF23-727CA93ECCBE}
	EndGlobalSection
EndGlobal
